version = 1
revision = 3
requires-python = ">=3.14"

[[package]]
name = "aiohappyeyeballs"
version = "2.5.0"
source = { registry = "https://pypi.org/simple" }
sdist = { url = "https://files.pythonhosted.org/packages/a2/0c/458958007041f4b4de2d307e6b75d9e7554dad0baf26fe7a48b741aac126/aiohappyeyeballs-2.5.0.tar.gz", hash = "sha256:18fde6204a76deeabc97c48bdd01d5801cfda5d6b9c8bbeb1aaaee9d648ca191", size = 22494, upload-time = "2025-03-06T01:13:44.221Z" }
wheels = [
    { url = "https://files.pythonhosted.org/packages/1b/9a/e4886864ce06e1579bd428208127fbdc0d62049c751e4e9e3b509c0059dc/aiohappyeyeballs-2.5.0-py3-none-any.whl", hash = "sha256:0850b580748c7071db98bffff6d4c94028d0d3035acc20fd721a0ce7e8cac35d", size = 15128, upload-time = "2025-03-06T01:13:41.972Z" },
]

[[package]]
name = "aiohttp"
version = "3.13.3"
source = { registry = "https://pypi.org/simple" }
dependencies = [
    { name = "aiohappyeyeballs" },
    { name = "aiosignal" },
    { name = "attrs" },
    { name = "frozenlist" },
    { name = "multidict" },
    { name = "propcache" },
    { name = "yarl" },
]
sdist = { url = "https://files.pythonhosted.org/packages/50/42/32cf8e7704ceb4481406eb87161349abb46a57fee3f008ba9cb610968646/aiohttp-3.13.3.tar.gz", hash = "sha256:a949eee43d3782f2daae4f4a2819b2cb9b0c5d3b7f7a927067cc84dafdbb9f88", size = 7844556, upload-time = "2026-01-03T17:33:05.204Z" }
wheels = [
    { url = "https://files.pythonhosted.org/packages/99/36/5b6514a9f5d66f4e2597e40dea2e3db271e023eb7a5d22defe96ba560996/aiohttp-3.13.3-cp314-cp314-macosx_10_13_universal2.whl", hash = "sha256:ea37047c6b367fd4bd632bff8077449b8fa034b69e812a18e0132a00fae6e808", size = 737238, upload-time = "2026-01-03T17:31:17.909Z" },
    { url = "https://files.pythonhosted.org/packages/f7/49/459327f0d5bcd8c6c9ca69e60fdeebc3622861e696490d8674a6d0cb90a6/aiohttp-3.13.3-cp314-cp314-macosx_10_13_x86_64.whl", hash = "sha256:6fc0e2337d1a4c3e6acafda6a78a39d4c14caea625124817420abceed36e2415", size = 492292, upload-time = "2026-01-03T17:31:19.919Z" },
    { url = "https://files.pythonhosted.org/packages/e8/0b/b97660c5fd05d3495b4eb27f2d0ef18dc1dc4eff7511a9bf371397ff0264/aiohttp-3.13.3-cp314-cp314-macosx_11_0_arm64.whl", hash = "sha256:c685f2d80bb67ca8c3837823ad76196b3694b0159d232206d1e461d3d434666f", size = 493021, upload-time = "2026-01-03T17:31:21.636Z" },
    { url = "https://files.pythonhosted.org/packages/54/d4/438efabdf74e30aeceb890c3290bbaa449780583b1270b00661126b8aae4/aiohttp-3.13.3-cp314-cp314-manylinux2014_aarch64.manylinux_2_17_aarch64.manylinux_2_28_aarch64.whl", hash = "sha256:48e377758516d262bde50c2584fc6c578af272559c409eecbdd2bae1601184d6", size = 1717263, upload-time = "2026-01-03T17:31:23.296Z" },
    { url = "https://files.pythonhosted.org/packages/71/f2/7bddc7fd612367d1459c5bcf598a9e8f7092d6580d98de0e057eb42697ad/aiohttp-3.13.3-cp314-cp314-manylinux2014_armv7l.manylinux_2_17_armv7l.manylinux_2_31_armv7l.whl", hash = "sha256:34749271508078b261c4abb1767d42b8d0c0cc9449c73a4df494777dc55f0687", size = 1669107, upload-time = "2026-01-03T17:31:25.334Z" },
    { url = "https://files.pythonhosted.org/packages/00/5a/1aeaecca40e22560f97610a329e0e5efef5e0b5afdf9f857f0d93839ab2e/aiohttp-3.13.3-cp314-cp314-manylinux2014_ppc64le.manylinux_2_17_ppc64le.manylinux_2_28_ppc64le.whl", hash = "sha256:82611aeec80eb144416956ec85b6ca45a64d76429c1ed46ae1b5f86c6e0c9a26", size = 1760196, upload-time = "2026-01-03T17:31:27.394Z" },
    { url = "https://files.pythonhosted.org/packages/f8/f8/0ff6992bea7bd560fc510ea1c815f87eedd745fe035589c71ce05612a19a/aiohttp-3.13.3-cp314-cp314-manylinux2014_s390x.manylinux_2_17_s390x.manylinux_2_28_s390x.whl", hash = "sha256:2fff83cfc93f18f215896e3a190e8e5cb413ce01553901aca925176e7568963a", size = 1843591, upload-time = "2026-01-03T17:31:29.238Z" },
    { url = "https://files.pythonhosted.org/packages/e3/d1/e30e537a15f53485b61f5be525f2157da719819e8377298502aebac45536/aiohttp-3.13.3-cp314-cp314-manylinux2014_x86_64.manylinux_2_17_x86_64.manylinux_2_28_x86_64.whl", hash = "sha256:bbe7d4cecacb439e2e2a8a1a7b935c25b812af7a5fd26503a66dadf428e79ec1", size = 1720277, upload-time = "2026-01-03T17:31:31.053Z" },
    { url = "https://files.pythonhosted.org/packages/84/45/23f4c451d8192f553d38d838831ebbc156907ea6e05557f39563101b7717/aiohttp-3.13.3-cp314-cp314-manylinux_2_31_riscv64.manylinux_2_39_riscv64.whl", hash = "sha256:b928f30fe49574253644b1ca44b1b8adbd903aa0da4b9054a6c20fc7f4092a25", size = 1548575, upload-time = "2026-01-03T17:31:32.87Z" },
    { url = "https://files.pythonhosted.org/packages/6a/ed/0a42b127a43712eda7807e7892c083eadfaf8429ca8fb619662a530a3aab/aiohttp-3.13.3-cp314-cp314-musllinux_1_2_aarch64.whl", hash = "sha256:7b5e8fe4de30df199155baaf64f2fcd604f4c678ed20910db8e2c66dc4b11603", size = 1679455, upload-time = "2026-01-03T17:31:34.76Z" },
    { url = "https://files.pythonhosted.org/packages/2e/b5/c05f0c2b4b4fe2c9d55e73b6d3ed4fd6c9dc2684b1d81cbdf77e7fad9adb/aiohttp-3.13.3-cp314-cp314-musllinux_1_2_armv7l.whl", hash = "sha256:8542f41a62bcc58fc7f11cf7c90e0ec324ce44950003feb70640fc2a9092c32a", size = 1687417, upload-time = "2026-01-03T17:31:36.699Z" },
    { url = "https://files.pythonhosted.org/packages/c9/6b/915bc5dad66aef602b9e459b5a973529304d4e89ca86999d9d75d80cbd0b/aiohttp-3.13.3-cp314-cp314-musllinux_1_2_ppc64le.whl", hash = "sha256:5e1d8c8b8f1d91cd08d8f4a3c2b067bfca6ec043d3ff36de0f3a715feeedf926", size = 1729968, upload-time = "2026-01-03T17:31:38.622Z" },
    { url = "https://files.pythonhosted.org/packages/11/3b/e84581290a9520024a08640b63d07673057aec5ca548177a82026187ba73/aiohttp-3.13.3-cp314-cp314-musllinux_1_2_riscv64.whl", hash = "sha256:90455115e5da1c3c51ab619ac57f877da8fd6d73c05aacd125c5ae9819582aba", size = 1545690, upload-time = "2026-01-03T17:31:40.57Z" },
    { url = "https://files.pythonhosted.org/packages/f5/04/0c3655a566c43fd647c81b895dfe361b9f9ad6d58c19309d45cff52d6c3b/aiohttp-3.13.3-cp314-cp314-musllinux_1_2_s390x.whl", hash = "sha256:042e9e0bcb5fba81886c8b4fbb9a09d6b8a00245fd8d88e4d989c1f96c74164c", size = 1746390, upload-time = "2026-01-03T17:31:42.857Z" },
    { url = "https://files.pythonhosted.org/packages/1f/53/71165b26978f719c3419381514c9690bd5980e764a09440a10bb816ea4ab/aiohttp-3.13.3-cp314-cp314-musllinux_1_2_x86_64.whl", hash = "sha256:2eb752b102b12a76ca02dff751a801f028b4ffbbc478840b473597fc91a9ed43", size = 1702188, upload-time = "2026-01-03T17:31:44.984Z" },
    { url = "https://files.pythonhosted.org/packages/29/a7/cbe6c9e8e136314fa1980da388a59d2f35f35395948a08b6747baebb6aa6/aiohttp-3.13.3-cp314-cp314-win32.whl", hash = "sha256:b556c85915d8efaed322bf1bdae9486aa0f3f764195a0fb6ee962e5c71ef5ce1", size = 433126, upload-time = "2026-01-03T17:31:47.463Z" },
    { url = "https://files.pythonhosted.org/packages/de/56/982704adea7d3b16614fc5936014e9af85c0e34b58f9046655817f04306e/aiohttp-3.13.3-cp314-cp314-win_amd64.whl", hash = "sha256:9bf9f7a65e7aa20dd764151fb3d616c81088f91f8df39c3893a536e279b4b984", size = 459128, upload-time = "2026-01-03T17:31:49.2Z" },
    { url = "https://files.pythonhosted.org/packages/6c/2a/3c79b638a9c3d4658d345339d22070241ea341ed4e07b5ac60fb0f418003/aiohttp-3.13.3-cp314-cp314t-macosx_10_13_universal2.whl", hash = "sha256:05861afbbec40650d8a07ea324367cb93e9e8cc7762e04dd4405df99fa65159c", size = 769512, upload-time = "2026-01-03T17:31:51.134Z" },
    { url = "https://files.pythonhosted.org/packages/29/b9/3e5014d46c0ab0db8707e0ac2711ed28c4da0218c358a4e7c17bae0d8722/aiohttp-3.13.3-cp314-cp314t-macosx_10_13_x86_64.whl", hash = "sha256:2fc82186fadc4a8316768d61f3722c230e2c1dcab4200d52d2ebdf2482e47592", size = 506444, upload-time = "2026-01-03T17:31:52.85Z" },
    { url = "https://files.pythonhosted.org/packages/90/03/c1d4ef9a054e151cd7839cdc497f2638f00b93cbe8043983986630d7a80c/aiohttp-3.13.3-cp314-cp314t-macosx_11_0_arm64.whl", hash = "sha256:0add0900ff220d1d5c5ebbf99ed88b0c1bbf87aa7e4262300ed1376a6b13414f", size = 510798, upload-time = "2026-01-03T17:31:54.91Z" },
    { url = "https://files.pythonhosted.org/packages/ea/76/8c1e5abbfe8e127c893fe7ead569148a4d5a799f7cf958d8c09f3eedf097/aiohttp-3.13.3-cp314-cp314t-manylinux2014_aarch64.manylinux_2_17_aarch64.manylinux_2_28_aarch64.whl", hash = "sha256:568f416a4072fbfae453dcf9a99194bbb8bdeab718e08ee13dfa2ba0e4bebf29", size = 1868835, upload-time = "2026-01-03T17:31:56.733Z" },
    { url = "https://files.pythonhosted.org/packages/8e/ac/984c5a6f74c363b01ff97adc96a3976d9c98940b8969a1881575b279ac5d/aiohttp-3.13.3-cp314-cp314t-manylinux2014_armv7l.manylinux_2_17_armv7l.manylinux_2_31_armv7l.whl", hash = "sha256:add1da70de90a2569c5e15249ff76a631ccacfe198375eead4aadf3b8dc849dc", size = 1720486, upload-time = "2026-01-03T17:31:58.65Z" },
    { url = "https://files.pythonhosted.org/packages/b2/9a/b7039c5f099c4eb632138728828b33428585031a1e658d693d41d07d89d1/aiohttp-3.13.3-cp314-cp314t-manylinux2014_ppc64le.manylinux_2_17_ppc64le.manylinux_2_28_ppc64le.whl", hash = "sha256:10b47b7ba335d2e9b1239fa571131a87e2d8ec96b333e68b2a305e7a98b0bae2", size = 1847951, upload-time = "2026-01-03T17:32:00.989Z" },
    { url = "https://files.pythonhosted.org/packages/3c/02/3bec2b9a1ba3c19ff89a43a19324202b8eb187ca1e928d8bdac9bbdddebd/aiohttp-3.13.3-cp314-cp314t-manylinux2014_s390x.manylinux_2_17_s390x.manylinux_2_28_s390x.whl", hash = "sha256:3dd4dce1c718e38081c8f35f323209d4c1df7d4db4bab1b5c88a6b4d12b74587", size = 1941001, upload-time = "2026-01-03T17:32:03.122Z" },
    { url = "https://files.pythonhosted.org/packages/37/df/d879401cedeef27ac4717f6426c8c36c3091c6e9f08a9178cc87549c537f/aiohttp-3.13.3-cp314-cp314t-manylinux2014_x86_64.manylinux_2_17_x86_64.manylinux_2_28_x86_64.whl", hash = "sha256:34bac00a67a812570d4a460447e1e9e06fae622946955f939051e7cc895cfab8", size = 1797246, upload-time = "2026-01-03T17:32:05.255Z" },
    { url = "https://files.pythonhosted.org/packages/8d/15/be122de1f67e6953add23335c8ece6d314ab67c8bebb3f181063010795a7/aiohttp-3.13.3-cp314-cp314t-manylinux_2_31_riscv64.manylinux_2_39_riscv64.whl", hash = "sha256:a19884d2ee70b06d9204b2727a7b9f983d0c684c650254679e716b0b77920632", size = 1627131, upload-time = "2026-01-03T17:32:07.607Z" },
    { url = "https://files.pythonhosted.org/packages/12/12/70eedcac9134cfa3219ab7af31ea56bc877395b1ac30d65b1bc4b27d0438/aiohttp-3.13.3-cp314-cp314t-musllinux_1_2_aarch64.whl", hash = "sha256:5f8ca7f2bb6ba8348a3614c7918cc4bb73268c5ac2a207576b7afea19d3d9f64", size = 1795196, upload-time = "2026-01-03T17:32:09.59Z" },
    { url = "https://files.pythonhosted.org/packages/32/11/b30e1b1cd1f3054af86ebe60df96989c6a414dd87e27ad16950eee420bea/aiohttp-3.13.3-cp314-cp314t-musllinux_1_2_armv7l.whl", hash = "sha256:b0d95340658b9d2f11d9697f59b3814a9d3bb4b7a7c20b131df4bcef464037c0", size = 1782841, upload-time = "2026-01-03T17:32:11.445Z" },
    { url = "https://files.pythonhosted.org/packages/88/0d/d98a9367b38912384a17e287850f5695c528cff0f14f791ce8ee2e4f7796/aiohttp-3.13.3-cp314-cp314t-musllinux_1_2_ppc64le.whl", hash = "sha256:a1e53262fd202e4b40b70c3aff944a8155059beedc8a89bba9dc1f9ef06a1b56", size = 1795193, upload-time = "2026-01-03T17:32:13.705Z" },
    { url = "https://files.pythonhosted.org/packages/43/a5/a2dfd1f5ff5581632c7f6a30e1744deda03808974f94f6534241ef60c751/aiohttp-3.13.3-cp314-cp314t-musllinux_1_2_riscv64.whl", hash = "sha256:d60ac9663f44168038586cab2157e122e46bdef09e9368b37f2d82d354c23f72", size = 1621979, upload-time = "2026-01-03T17:32:15.965Z" },
    { url = "https://files.pythonhosted.org/packages/fa/f0/12973c382ae7c1cccbc4417e129c5bf54c374dfb85af70893646e1f0e749/aiohttp-3.13.3-cp314-cp314t-musllinux_1_2_s390x.whl", hash = "sha256:90751b8eed69435bac9ff4e3d2f6b3af1f57e37ecb0fbeee59c0174c9e2d41df", size = 1822193, upload-time = "2026-01-03T17:32:18.219Z" },
    { url = "https://files.pythonhosted.org/packages/3c/5f/24155e30ba7f8c96918af1350eb0663e2430aad9e001c0489d89cd708ab1/aiohttp-3.13.3-cp314-cp314t-musllinux_1_2_x86_64.whl", hash = "sha256:fc353029f176fd2b3ec6cfc71be166aba1936fe5d73dd1992ce289ca6647a9aa", size = 1769801, upload-time = "2026-01-03T17:32:20.25Z" },
    { url = "https://files.pythonhosted.org/packages/eb/f8/7314031ff5c10e6ece114da79b338ec17eeff3a079e53151f7e9f43c4723/aiohttp-3.13.3-cp314-cp314t-win32.whl", hash = "sha256:2e41b18a58da1e474a057b3d35248d8320029f61d70a37629535b16a0c8f3767", size = 466523, upload-time = "2026-01-03T17:32:22.215Z" },
    { url = "https://files.pythonhosted.org/packages/b4/63/278a98c715ae467624eafe375542d8ba9b4383a016df8fdefe0ae28382a7/aiohttp-3.13.3-cp314-cp314t-win_amd64.whl", hash = "sha256:44531a36aa2264a1860089ffd4dce7baf875ee5a6079d5fb42e261c704ef7344", size = 499694, upload-time = "2026-01-03T17:32:24.546Z" },
]

[[package]]
name = "aiosignal"
version = "1.4.0"
source = { registry = "https://pypi.org/simple" }
dependencies = [
    { name = "frozenlist" },
]
sdist = { url = "https://files.pythonhosted.org/packages/61/62/06741b579156360248d1ec624842ad0edf697050bbaf7c3e46394e106ad1/aiosignal-1.4.0.tar.gz", hash = "sha256:f47eecd9468083c2029cc99945502cb7708b082c232f9aca65da147157b251c7", size = 25007, upload-time = "2025-07-03T22:54:43.528Z" }
wheels = [
    { url = "https://files.pythonhosted.org/packages/fb/76/641ae371508676492379f16e2fa48f4e2c11741bd63c48be4b12a6b09cba/aiosignal-1.4.0-py3-none-any.whl", hash = "sha256:053243f8b92b990551949e63930a839ff0cf0b0ebbe0597b0f3fb19e1a0fe82e", size = 7490, upload-time = "2025-07-03T22:54:42.156Z" },
]

[[package]]
name = "attrs"
version = "25.1.0"
source = { registry = "https://pypi.org/simple" }
sdist = { url = "https://files.pythonhosted.org/packages/49/7c/fdf464bcc51d23881d110abd74b512a42b3d5d376a55a831b44c603ae17f/attrs-25.1.0.tar.gz", hash = "sha256:1c97078a80c814273a76b2a298a932eb681c87415c11dee0a6921de7f1b02c3e", size = 810562, upload-time = "2025-01-25T11:30:12.508Z" }
wheels = [
    { url = "https://files.pythonhosted.org/packages/fc/30/d4986a882011f9df997a55e6becd864812ccfcd821d64aac8570ee39f719/attrs-25.1.0-py3-none-any.whl", hash = "sha256:c75a69e28a550a7e93789579c22aa26b0f5b83b75dc4e08fe092980051e1090a", size = 63152, upload-time = "2025-01-25T11:30:10.164Z" },
]

[[package]]
name = "audioop-lts"
version = "0.2.1"
source = { registry = "https://pypi.org/simple" }
sdist = { url = "https://files.pythonhosted.org/packages/dd/3b/69ff8a885e4c1c42014c2765275c4bd91fe7bc9847e9d8543dbcbb09f820/audioop_lts-0.2.1.tar.gz", hash = "sha256:e81268da0baa880431b68b1308ab7257eb33f356e57a5f9b1f915dfb13dd1387", size = 30204, upload-time = "2024-08-04T21:14:43.957Z" }
wheels = [
    { url = "https://files.pythonhosted.org/packages/01/91/a219253cc6e92db2ebeaf5cf8197f71d995df6f6b16091d1f3ce62cb169d/audioop_lts-0.2.1-cp313-abi3-macosx_10_13_universal2.whl", hash = "sha256:fd1345ae99e17e6910f47ce7d52673c6a1a70820d78b67de1b7abb3af29c426a", size = 46252, upload-time = "2024-08-04T21:13:56.209Z" },
    { url = "https://files.pythonhosted.org/packages/ec/f6/3cb21e0accd9e112d27cee3b1477cd04dafe88675c54ad8b0d56226c1e0b/audioop_lts-0.2.1-cp313-abi3-macosx_10_13_x86_64.whl", hash = "sha256:e175350da05d2087e12cea8e72a70a1a8b14a17e92ed2022952a4419689ede5e", size = 27183, upload-time = "2024-08-04T21:13:59.966Z" },
    { url = "https://files.pythonhosted.org/packages/ea/7e/f94c8a6a8b2571694375b4cf94d3e5e0f529e8e6ba280fad4d8c70621f27/audioop_lts-0.2.1-cp313-abi3-macosx_11_0_arm64.whl", hash = "sha256:4a8dd6a81770f6ecf019c4b6d659e000dc26571b273953cef7cd1d5ce2ff3ae6", size = 26726, upload-time = "2024-08-04T21:14:00.846Z" },
    { url = "https://files.pythonhosted.org/packages/ef/f8/a0e8e7a033b03fae2b16bc5aa48100b461c4f3a8a38af56d5ad579924a3a/audioop_lts-0.2.1-cp313-abi3-manylinux_2_17_aarch64.manylinux2014_aarch64.whl", hash = "sha256:d1cd3c0b6f2ca25c7d2b1c3adeecbe23e65689839ba73331ebc7d893fcda7ffe", size = 80718, upload-time = "2024-08-04T21:14:01.989Z" },
    { url = "https://files.pythonhosted.org/packages/8f/ea/a98ebd4ed631c93b8b8f2368862cd8084d75c77a697248c24437c36a6f7e/audioop_lts-0.2.1-cp313-abi3-manylinux_2_17_ppc64le.manylinux2014_ppc64le.whl", hash = "sha256:ff3f97b3372c97782e9c6d3d7fdbe83bce8f70de719605bd7ee1839cd1ab360a", size = 88326, upload-time = "2024-08-04T21:14:03.509Z" },
    { url = "https://files.pythonhosted.org/packages/33/79/e97a9f9daac0982aa92db1199339bd393594d9a4196ad95ae088635a105f/audioop_lts-0.2.1-cp313-abi3-manylinux_2_17_s390x.manylinux2014_s390x.whl", hash = "sha256:a351af79edefc2a1bd2234bfd8b339935f389209943043913a919df4b0f13300", size = 80539, upload-time = "2024-08-04T21:14:04.679Z" },
    { url = "https://files.pythonhosted.org/packages/b2/d3/1051d80e6f2d6f4773f90c07e73743a1e19fcd31af58ff4e8ef0375d3a80/audioop_lts-0.2.1-cp313-abi3-manylinux_2_5_i686.manylinux1_i686.manylinux_2_17_i686.manylinux2014_i686.whl", hash = "sha256:2aeb6f96f7f6da80354330470b9134d81b4cf544cdd1c549f2f45fe964d28059", size = 78577, upload-time = "2024-08-04T21:14:09.038Z" },
    { url = "https://files.pythonhosted.org/packages/7a/1d/54f4c58bae8dc8c64a75071c7e98e105ddaca35449376fcb0180f6e3c9df/audioop_lts-0.2.1-cp313-abi3-manylinux_2_5_x86_64.manylinux1_x86_64.manylinux_2_17_x86_64.manylinux2014_x86_64.whl", hash = "sha256:c589f06407e8340e81962575fcffbba1e92671879a221186c3d4662de9fe804e", size = 82074, upload-time = "2024-08-04T21:14:09.99Z" },
    { url = "https://files.pythonhosted.org/packages/36/89/2e78daa7cebbea57e72c0e1927413be4db675548a537cfba6a19040d52fa/audioop_lts-0.2.1-cp313-abi3-musllinux_1_2_aarch64.whl", hash = "sha256:fbae5d6925d7c26e712f0beda5ed69ebb40e14212c185d129b8dfbfcc335eb48", size = 84210, upload-time = "2024-08-04T21:14:11.468Z" },
    { url = "https://files.pythonhosted.org/packages/a5/57/3ff8a74df2ec2fa6d2ae06ac86e4a27d6412dbb7d0e0d41024222744c7e0/audioop_lts-0.2.1-cp313-abi3-musllinux_1_2_i686.whl", hash = "sha256:d2d5434717f33117f29b5691fbdf142d36573d751716249a288fbb96ba26a281", size = 85664, upload-time = "2024-08-04T21:14:12.394Z" },
    { url = "https://files.pythonhosted.org/packages/16/01/21cc4e5878f6edbc8e54be4c108d7cb9cb6202313cfe98e4ece6064580dd/audioop_lts-0.2.1-cp313-abi3-musllinux_1_2_ppc64le.whl", hash = "sha256:f626a01c0a186b08f7ff61431c01c055961ee28769591efa8800beadd27a2959", size = 93255, upload-time = "2024-08-04T21:14:13.707Z" },
    { url = "https://files.pythonhosted.org/packages/3e/28/7f7418c362a899ac3b0bf13b1fde2d4ffccfdeb6a859abd26f2d142a1d58/audioop_lts-0.2.1-cp313-abi3-musllinux_1_2_s390x.whl", hash = "sha256:05da64e73837f88ee5c6217d732d2584cf638003ac72df124740460531e95e47", size = 87760, upload-time = "2024-08-04T21:14:14.74Z" },
    { url = "https://files.pythonhosted.org/packages/6d/d8/577a8be87dc7dd2ba568895045cee7d32e81d85a7e44a29000fe02c4d9d4/audioop_lts-0.2.1-cp313-abi3-musllinux_1_2_x86_64.whl", hash = "sha256:56b7a0a4dba8e353436f31a932f3045d108a67b5943b30f85a5563f4d8488d77", size = 84992, upload-time = "2024-08-04T21:14:19.155Z" },
    { url = "https://files.pythonhosted.org/packages/ef/9a/4699b0c4fcf89936d2bfb5425f55f1a8b86dff4237cfcc104946c9cd9858/audioop_lts-0.2.1-cp313-abi3-win32.whl", hash = "sha256:6e899eb8874dc2413b11926b5fb3857ec0ab55222840e38016a6ba2ea9b7d5e3", size = 26059, upload-time = "2024-08-04T21:14:20.438Z" },
    { url = "https://files.pythonhosted.org/packages/3a/1c/1f88e9c5dd4785a547ce5fd1eb83fff832c00cc0e15c04c1119b02582d06/audioop_lts-0.2.1-cp313-abi3-win_amd64.whl", hash = "sha256:64562c5c771fb0a8b6262829b9b4f37a7b886c01b4d3ecdbae1d629717db08b4", size = 30412, upload-time = "2024-08-04T21:14:21.342Z" },
    { url = "https://files.pythonhosted.org/packages/c4/e9/c123fd29d89a6402ad261516f848437472ccc602abb59bba522af45e281b/audioop_lts-0.2.1-cp313-abi3-win_arm64.whl", hash = "sha256:c45317debeb64002e980077642afbd977773a25fa3dfd7ed0c84dccfc1fafcb0", size = 23578, upload-time = "2024-08-04T21:14:22.193Z" },
]

[[package]]
name = "certifi"
version = "2025.1.31"
source = { registry = "https://pypi.org/simple" }
sdist = { url = "https://files.pythonhosted.org/packages/1c/ab/c9f1e32b7b1bf505bf26f0ef697775960db7932abeb7b516de930ba2705f/certifi-2025.1.31.tar.gz", hash = "sha256:3d5da6925056f6f18f119200434a4780a94263f10d1c21d032a6f6b2baa20651", size = 167577, upload-time = "2025-01-31T02:16:47.166Z" }
wheels = [
    { url = "https://files.pythonhosted.org/packages/38/fc/bce832fd4fd99766c04d1ee0eead6b0ec6486fb100ae5e74c1d91292b982/certifi-2025.1.31-py3-none-any.whl", hash = "sha256:ca78db4565a652026a4db2bcdf68f2fb589ea80d0be70e03929ed730746b84fe", size = 166393, upload-time = "2025-01-31T02:16:45.015Z" },
]

[[package]]
name = "charset-normalizer"
version = "3.4.1"
source = { registry = "https://pypi.org/simple" }
sdist = { url = "https://files.pythonhosted.org/packages/16/b0/572805e227f01586461c80e0fd25d65a2115599cc9dad142fee4b747c357/charset_normalizer-3.4.1.tar.gz", hash = "sha256:44251f18cd68a75b56585dd00dae26183e102cd5e0f9f1466e6df5da2ed64ea3", size = 123188, upload-time = "2024-12-24T18:12:35.43Z" }
wheels = [
    { url = "https://files.pythonhosted.org/packages/0e/f6/65ecc6878a89bb1c23a086ea335ad4bf21a588990c3f535a227b9eea9108/charset_normalizer-3.4.1-py3-none-any.whl", hash = "sha256:d98b1668f06378c6dbefec3b92299716b931cd4e6061f3c875a71ced1780ab85", size = 49767, upload-time = "2024-12-24T18:12:32.852Z" },
]

[[package]]
name = "click"
version = "8.3.1"
source = { registry = "https://pypi.org/simple" }
dependencies = [
    { name = "colorama", marker = "sys_platform == 'win32'" },
]
sdist = { url = "https://files.pythonhosted.org/packages/3d/fa/656b739db8587d7b5dfa22e22ed02566950fbfbcdc20311993483657a5c0/click-8.3.1.tar.gz", hash = "sha256:12ff4785d337a1bb490bb7e9c2b1ee5da3112e94a8622f26a6c77f5d2fc6842a", size = 295065, upload-time = "2025-11-15T20:45:42.706Z" }
wheels = [
    { url = "https://files.pythonhosted.org/packages/98/78/01c019cdb5d6498122777c1a43056ebb3ebfeef2076d9d026bfe15583b2b/click-8.3.1-py3-none-any.whl", hash = "sha256:981153a64e25f12d547d3426c367a4857371575ee7ad18df2a6183ab0545b2a6", size = 108274, upload-time = "2025-11-15T20:45:41.139Z" },
]

[[package]]
name = "colorama"
version = "0.4.6"
source = { registry = "https://pypi.org/simple" }
sdist = { url = "https://files.pythonhosted.org/packages/d8/53/6f443c9a4a8358a93a6792e2acffb9d9d5cb0a5cfd8802644b7b1c9a02e4/colorama-0.4.6.tar.gz", hash = "sha256:08695f5cb7ed6e0531a20572697297273c47b8cae5a63ffc6d6ed5c201be6e44", size = 27697, upload-time = "2022-10-25T02:36:22.414Z" }
wheels = [
    { url = "https://files.pythonhosted.org/packages/d1/d6/3965ed04c63042e047cb6a3e6ed1a63a35087b6a609aa3a15ed8ac56c221/colorama-0.4.6-py2.py3-none-any.whl", hash = "sha256:4f1d9991f5acc0ca119f9d443620b77f9d6b33703e51011c16baf57afb285fc6", size = 25335, upload-time = "2022-10-25T02:36:20.889Z" },
]

[[package]]
name = "coverage"
version = "7.6.12"
source = { registry = "https://pypi.org/simple" }
sdist = { url = "https://files.pythonhosted.org/packages/0c/d6/2b53ab3ee99f2262e6f0b8369a43f6d66658eab45510331c0b3d5c8c4272/coverage-7.6.12.tar.gz", hash = "sha256:48cfc4641d95d34766ad41d9573cc0f22a48aa88d22657a1fe01dca0dbae4de2", size = 805941, upload-time = "2025-02-11T14:47:03.797Z" }
wheels = [
    { url = "https://files.pythonhosted.org/packages/fb/b2/f655700e1024dec98b10ebaafd0cedbc25e40e4abe62a3c8e2ceef4f8f0a/coverage-7.6.12-py3-none-any.whl", hash = "sha256:eb8668cfbc279a536c633137deeb9435d2962caec279c3f8cf8b91fff6ff8953", size = 200552, upload-time = "2025-02-11T14:47:01.999Z" },
]

[[package]]
name = "discord-py"
version = "2.6.4"
source = { registry = "https://pypi.org/simple" }
dependencies = [
    { name = "aiohttp" },
    { name = "audioop-lts" },
]
sdist = { url = "https://files.pythonhosted.org/packages/ce/e7/9b1dbb9b2fc07616132a526c05af23cfd420381793968a189ee08e12e35f/discord_py-2.6.4.tar.gz", hash = "sha256:44384920bae9b7a073df64ae9b14c8cf85f9274b5ad5d1d07bd5a67539de2da9", size = 1092623, upload-time = "2025-10-08T21:45:43.593Z" }
wheels = [
    { url = "https://files.pythonhosted.org/packages/ca/ae/3d3a89b06f005dc5fa8618528dde519b3ba7775c365750f7932b9831ef05/discord_py-2.6.4-py3-none-any.whl", hash = "sha256:2783b7fb7f8affa26847bfc025144652c294e8fe6e0f8877c67ed895749eb227", size = 1209284, upload-time = "2025-10-08T21:45:41.679Z" },
]

[[package]]
name = "frozenlist"
version = "1.5.0"
source = { registry = "https://pypi.org/simple" }
sdist = { url = "https://files.pythonhosted.org/packages/8f/ed/0f4cec13a93c02c47ec32d81d11c0c1efbadf4a471e3f3ce7cad366cbbd3/frozenlist-1.5.0.tar.gz", hash = "sha256:81d5af29e61b9c8348e876d442253723928dce6433e0e76cd925cd83f1b4b817", size = 39930, upload-time = "2024-10-23T09:48:29.903Z" }
wheels = [
    { url = "https://files.pythonhosted.org/packages/c6/c8/a5be5b7550c10858fcf9b0ea054baccab474da77d37f1e828ce043a3a5d4/frozenlist-1.5.0-py3-none-any.whl", hash = "sha256:d994863bba198a4a518b467bb971c56e1db3f180a25c6cf7bb1949c267f748c3", size = 11901, upload-time = "2024-10-23T09:48:28.851Z" },
]

[[package]]
name = "idna"
version = "3.10"
source = { registry = "https://pypi.org/simple" }
sdist = { url = "https://files.pythonhosted.org/packages/f1/70/7703c29685631f5a7590aa73f1f1d3fa9a380e654b86af429e0934a32f7d/idna-3.10.tar.gz", hash = "sha256:12f65c9b470abda6dc35cf8e63cc574b1c52b11df2c86030af0ac09b01b13ea9", size = 190490, upload-time = "2024-09-15T18:07:39.745Z" }
wheels = [
    { url = "https://files.pythonhosted.org/packages/76/c6/c88e154df9c4e1a2a66ccf0005a88dfb2650c1dffb6f5ce603dfbd452ce3/idna-3.10-py3-none-any.whl", hash = "sha256:946d195a0d259cbba61165e88e65941f16e9b36ea6ddb97f00452bae8b1287d3", size = 70442, upload-time = "2024-09-15T18:07:37.964Z" },
]

[[package]]
name = "iniconfig"
version = "2.0.0"
source = { registry = "https://pypi.org/simple" }
sdist = { url = "https://files.pythonhosted.org/packages/d7/4b/cbd8e699e64a6f16ca3a8220661b5f83792b3017d0f79807cb8708d33913/iniconfig-2.0.0.tar.gz", hash = "sha256:2d91e135bf72d31a410b17c16da610a82cb55f6b0477d1a902134b24a455b8b3", size = 4646, upload-time = "2023-01-07T11:08:11.254Z" }
wheels = [
    { url = "https://files.pythonhosted.org/packages/ef/a6/62565a6e1cf69e10f5727360368e451d4b7f58beeac6173dc9db836a5b46/iniconfig-2.0.0-py3-none-any.whl", hash = "sha256:b6a85871a79d2e3b22d2d1b94ac2824226a63c6b741c88f7ae975f18b6778374", size = 5892, upload-time = "2023-01-07T11:08:09.864Z" },
]

[[package]]
name = "multidict"
version = "6.1.0"
source = { registry = "https://pypi.org/simple" }
sdist = { url = "https://files.pythonhosted.org/packages/d6/be/504b89a5e9ca731cd47487e91c469064f8ae5af93b7259758dcfc2b9c848/multidict-6.1.0.tar.gz", hash = "sha256:22ae2ebf9b0c69d206c003e2f6a914ea33f0a932d4aa16f236afc049d9958f4a", size = 64002, upload-time = "2024-09-09T23:49:38.163Z" }
wheels = [
    { url = "https://files.pythonhosted.org/packages/99/b7/b9e70fde2c0f0c9af4cc5277782a89b66d35948ea3369ec9f598358c3ac5/multidict-6.1.0-py3-none-any.whl", hash = "sha256:48e171e52d1c4d33888e529b999e5900356b9ae588c2f09a52dcefb158b27506", size = 10051, upload-time = "2024-09-09T23:49:36.506Z" },
]

[[package]]
name = "packaging"
version = "24.2"
source = { registry = "https://pypi.org/simple" }
sdist = { url = "https://files.pythonhosted.org/packages/d0/63/68dbb6eb2de9cb10ee4c9c14a0148804425e13c4fb20d61cce69f53106da/packaging-24.2.tar.gz", hash = "sha256:c228a6dc5e932d346bc5739379109d49e8853dd8223571c7c5b55260edc0b97f", size = 163950, upload-time = "2024-11-08T09:47:47.202Z" }
wheels = [
    { url = "https://files.pythonhosted.org/packages/88/ef/eb23f262cca3c0c4eb7ab1933c3b1f03d021f2c48f54763065b6f0e321be/packaging-24.2-py3-none-any.whl", hash = "sha256:09abb1bccd265c01f4a3aa3f7a7db064b36514d2cba19a2f694fe6150451a759", size = 65451, upload-time = "2024-11-08T09:47:44.722Z" },
]

[[package]]
name = "pluggy"
version = "1.5.0"
source = { registry = "https://pypi.org/simple" }
sdist = { url = "https://files.pythonhosted.org/packages/96/2d/02d4312c973c6050a18b314a5ad0b3210edb65a906f868e31c111dede4a6/pluggy-1.5.0.tar.gz", hash = "sha256:2cffa88e94fdc978c4c574f15f9e59b7f4201d439195c3715ca9e2486f1d0cf1", size = 67955, upload-time = "2024-04-20T21:34:42.531Z" }
wheels = [
    { url = "https://files.pythonhosted.org/packages/88/5f/e351af9a41f866ac3f1fac4ca0613908d9a41741cfcf2228f4ad853b697d/pluggy-1.5.0-py3-none-any.whl", hash = "sha256:44e1ad92c8ca002de6377e165f3e0f1be63266ab4d554740532335b9d75ea669", size = 20556, upload-time = "2024-04-20T21:34:40.434Z" },
]

[[package]]
name = "propcache"
version = "0.3.0"
source = { registry = "https://pypi.org/simple" }
sdist = { url = "https://files.pythonhosted.org/packages/92/76/f941e63d55c0293ff7829dd21e7cf1147e90a526756869a9070f287a68c9/propcache-0.3.0.tar.gz", hash = "sha256:a8fd93de4e1d278046345f49e2238cdb298589325849b2645d4a94c53faeffc5", size = 42722, upload-time = "2025-02-20T19:03:29.191Z" }
wheels = [
    { url = "https://files.pythonhosted.org/packages/b5/35/6c4c6fc8774a9e3629cd750dc24a7a4fb090a25ccd5c3246d127b70f9e22/propcache-0.3.0-py3-none-any.whl", hash = "sha256:67dda3c7325691c2081510e92c561f465ba61b975f481735aefdfc845d2cd043", size = 12101, upload-time = "2025-02-20T19:03:27.202Z" },
]

[[package]]
name = "pytest"
version = "8.3.5"
source = { registry = "https://pypi.org/simple" }
dependencies = [
    { name = "colorama", marker = "sys_platform == 'win32'" },
    { name = "iniconfig" },
    { name = "packaging" },
    { name = "pluggy" },
]
sdist = { url = "https://files.pythonhosted.org/packages/ae/3c/c9d525a414d506893f0cd8a8d0de7706446213181570cdbd766691164e40/pytest-8.3.5.tar.gz", hash = "sha256:f4efe70cc14e511565ac476b57c279e12a855b11f48f212af1080ef2263d3845", size = 1450891, upload-time = "2025-03-02T12:54:54.503Z" }
wheels = [
    { url = "https://files.pythonhosted.org/packages/30/3d/64ad57c803f1fa1e963a7946b6e0fea4a70df53c1a7fed304586539c2bac/pytest-8.3.5-py3-none-any.whl", hash = "sha256:c69214aa47deac29fad6c2a4f590b9c4a9fdb16a403176fe154b79c0b4d4d820", size = 343634, upload-time = "2025-03-02T12:54:52.069Z" },
]

[[package]]
name = "pytest-cov"
version = "6.0.0"
source = { registry = "https://pypi.org/simple" }
dependencies = [
    { name = "coverage" },
    { name = "pytest" },
]
sdist = { url = "https://files.pythonhosted.org/packages/be/45/9b538de8cef30e17c7b45ef42f538a94889ed6a16f2387a6c89e73220651/pytest-cov-6.0.0.tar.gz", hash = "sha256:fde0b595ca248bb8e2d76f020b465f3b107c9632e6a1d1705f17834c89dcadc0", size = 66945, upload-time = "2024-10-29T20:13:35.363Z" }
wheels = [
    { url = "https://files.pythonhosted.org/packages/36/3b/48e79f2cd6a61dbbd4807b4ed46cb564b4fd50a76166b1c4ea5c1d9e2371/pytest_cov-6.0.0-py3-none-any.whl", hash = "sha256:eee6f1b9e61008bd34975a4d5bab25801eb31898b032dd55addc93e96fcaaa35", size = 22949, upload-time = "2024-10-29T20:13:33.215Z" },
]

[[package]]
name = "pyyaml"
version = "6.0.3"
source = { registry = "https://pypi.org/simple" }
sdist = { url = "https://files.pythonhosted.org/packages/05/8e/961c0007c59b8dd7729d542c61a4d537767a59645b82a0b521206e1e25c2/pyyaml-6.0.3.tar.gz", hash = "sha256:d76623373421df22fb4cf8817020cbb7ef15c725b9d5e45f17e189bfc384190f", size = 130960, upload-time = "2025-09-25T21:33:16.546Z" }
wheels = [
    { url = "https://files.pythonhosted.org/packages/9d/8c/f4bd7f6465179953d3ac9bc44ac1a8a3e6122cf8ada906b4f96c60172d43/pyyaml-6.0.3-cp314-cp314-macosx_10_13_x86_64.whl", hash = "sha256:8d1fab6bb153a416f9aeb4b8763bc0f22a5586065f86f7664fc23339fc1c1fac", size = 181814, upload-time = "2025-09-25T21:32:35.712Z" },
    { url = "https://files.pythonhosted.org/packages/bd/9c/4d95bb87eb2063d20db7b60faa3840c1b18025517ae857371c4dd55a6b3a/pyyaml-6.0.3-cp314-cp314-macosx_11_0_arm64.whl", hash = "sha256:34d5fcd24b8445fadc33f9cf348c1047101756fd760b4dacb5c3e99755703310", size = 173809, upload-time = "2025-09-25T21:32:36.789Z" },
    { url = "https://files.pythonhosted.org/packages/92/b5/47e807c2623074914e29dabd16cbbdd4bf5e9b2db9f8090fa64411fc5382/pyyaml-6.0.3-cp314-cp314-manylinux2014_aarch64.manylinux_2_17_aarch64.manylinux_2_28_aarch64.whl", hash = "sha256:501a031947e3a9025ed4405a168e6ef5ae3126c59f90ce0cd6f2bfc477be31b7", size = 766454, upload-time = "2025-09-25T21:32:37.966Z" },
    { url = "https://files.pythonhosted.org/packages/02/9e/e5e9b168be58564121efb3de6859c452fccde0ab093d8438905899a3a483/pyyaml-6.0.3-cp314-cp314-manylinux2014_s390x.manylinux_2_17_s390x.manylinux_2_28_s390x.whl", hash = "sha256:b3bc83488de33889877a0f2543ade9f70c67d66d9ebb4ac959502e12de895788", size = 836355, upload-time = "2025-09-25T21:32:39.178Z" },
    { url = "https://files.pythonhosted.org/packages/88/f9/16491d7ed2a919954993e48aa941b200f38040928474c9e85ea9e64222c3/pyyaml-6.0.3-cp314-cp314-manylinux2014_x86_64.manylinux_2_17_x86_64.manylinux_2_28_x86_64.whl", hash = "sha256:c458b6d084f9b935061bc36216e8a69a7e293a2f1e68bf956dcd9e6cbcd143f5", size = 794175, upload-time = "2025-09-25T21:32:40.865Z" },
    { url = "https://files.pythonhosted.org/packages/dd/3f/5989debef34dc6397317802b527dbbafb2b4760878a53d4166579111411e/pyyaml-6.0.3-cp314-cp314-musllinux_1_2_aarch64.whl", hash = "sha256:7c6610def4f163542a622a73fb39f534f8c101d690126992300bf3207eab9764", size = 755228, upload-time = "2025-09-25T21:32:42.084Z" },
    { url = "https://files.pythonhosted.org/packages/d7/ce/af88a49043cd2e265be63d083fc75b27b6ed062f5f9fd6cdc223ad62f03e/pyyaml-6.0.3-cp314-cp314-musllinux_1_2_x86_64.whl", hash = "sha256:5190d403f121660ce8d1d2c1bb2ef1bd05b5f68533fc5c2ea899bd15f4399b35", size = 789194, upload-time = "2025-09-25T21:32:43.362Z" },
    { url = "https://files.pythonhosted.org/packages/23/20/bb6982b26a40bb43951265ba29d4c246ef0ff59c9fdcdf0ed04e0687de4d/pyyaml-6.0.3-cp314-cp314-win_amd64.whl", hash = "sha256:4a2e8cebe2ff6ab7d1050ecd59c25d4c8bd7e6f400f5f82b96557ac0abafd0ac", size = 156429, upload-time = "2025-09-25T21:32:57.844Z" },
    { url = "https://files.pythonhosted.org/packages/f4/f4/a4541072bb9422c8a883ab55255f918fa378ecf083f5b85e87fc2b4eda1b/pyyaml-6.0.3-cp314-cp314-win_arm64.whl", hash = "sha256:93dda82c9c22deb0a405ea4dc5f2d0cda384168e466364dec6255b293923b2f3", size = 143912, upload-time = "2025-09-25T21:32:59.247Z" },
    { url = "https://files.pythonhosted.org/packages/7c/f9/07dd09ae774e4616edf6cda684ee78f97777bdd15847253637a6f052a62f/pyyaml-6.0.3-cp314-cp314t-macosx_10_13_x86_64.whl", hash = "sha256:02893d100e99e03eda1c8fd5c441d8c60103fd175728e23e431db1b589cf5ab3", size = 189108, upload-time = "2025-09-25T21:32:44.377Z" },
    { url = "https://files.pythonhosted.org/packages/4e/78/8d08c9fb7ce09ad8c38ad533c1191cf27f7ae1effe5bb9400a46d9437fcf/pyyaml-6.0.3-cp314-cp314t-macosx_11_0_arm64.whl", hash = "sha256:c1ff362665ae507275af2853520967820d9124984e0f7466736aea23d8611fba", size = 183641, upload-time = "2025-09-25T21:32:45.407Z" },
    { url = "https://files.pythonhosted.org/packages/7b/5b/3babb19104a46945cf816d047db2788bcaf8c94527a805610b0289a01c6b/pyyaml-6.0.3-cp314-cp314t-manylinux2014_aarch64.manylinux_2_17_aarch64.manylinux_2_28_aarch64.whl", hash = "sha256:6adc77889b628398debc7b65c073bcb99c4a0237b248cacaf3fe8a557563ef6c", size = 831901, upload-time = "2025-09-25T21:32:48.83Z" },
    { url = "https://files.pythonhosted.org/packages/8b/cc/dff0684d8dc44da4d22a13f35f073d558c268780ce3c6ba1b87055bb0b87/pyyaml-6.0.3-cp314-cp314t-manylinux2014_s390x.manylinux_2_17_s390x.manylinux_2_28_s390x.whl", hash = "sha256:a80cb027f6b349846a3bf6d73b5e95e782175e52f22108cfa17876aaeff93702", size = 861132, upload-time = "2025-09-25T21:32:50.149Z" },
    { url = "https://files.pythonhosted.org/packages/b1/5e/f77dc6b9036943e285ba76b49e118d9ea929885becb0a29ba8a7c75e29fe/pyyaml-6.0.3-cp314-cp314t-manylinux2014_x86_64.manylinux_2_17_x86_64.manylinux_2_28_x86_64.whl", hash = "sha256:00c4bdeba853cc34e7dd471f16b4114f4162dc03e6b7afcc2128711f0eca823c", size = 839261, upload-time = "2025-09-25T21:32:51.808Z" },
    { url = "https://files.pythonhosted.org/packages/ce/88/a9db1376aa2a228197c58b37302f284b5617f56a5d959fd1763fb1675ce6/pyyaml-6.0.3-cp314-cp314t-musllinux_1_2_aarch64.whl", hash = "sha256:66e1674c3ef6f541c35191caae2d429b967b99e02040f5ba928632d9a7f0f065", size = 805272, upload-time = "2025-09-25T21:32:52.941Z" },
    { url = "https://files.pythonhosted.org/packages/da/92/1446574745d74df0c92e6aa4a7b0b3130706a4142b2d1a5869f2eaa423c6/pyyaml-6.0.3-cp314-cp314t-musllinux_1_2_x86_64.whl", hash = "sha256:16249ee61e95f858e83976573de0f5b2893b3677ba71c9dd36b9cf8be9ac6d65", size = 829923, upload-time = "2025-09-25T21:32:54.537Z" },
    { url = "https://files.pythonhosted.org/packages/f0/7a/1c7270340330e575b92f397352af856a8c06f230aa3e76f86b39d01b416a/pyyaml-6.0.3-cp314-cp314t-win_amd64.whl", hash = "sha256:4ad1906908f2f5ae4e5a8ddfce73c320c2a1429ec52eafd27138b7f1cbe341c9", size = 174062, upload-time = "2025-09-25T21:32:55.767Z" },
    { url = "https://files.pythonhosted.org/packages/f1/12/de94a39c2ef588c7e6455cfbe7343d3b2dc9d6b6b2f40c4c6565744c873d/pyyaml-6.0.3-cp314-cp314t-win_arm64.whl", hash = "sha256:ebc55a14a21cb14062aa4162f906cd962b28e2e9ea38f9b4391244cd8de4ae0b", size = 149341, upload-time = "2025-09-25T21:32:56.828Z" },
]

[[package]]
name = "requests"
version = "2.33.0"
source = { registry = "https://pypi.org/simple" }
dependencies = [
    { name = "certifi" },
    { name = "charset-normalizer" },
    { name = "idna" },
    { name = "urllib3" },
]
sdist = { url = "https://files.pythonhosted.org/packages/34/64/8860370b167a9721e8956ae116825caff829224fbca0ca6e7bf8ddef8430/requests-2.33.0.tar.gz", hash = "sha256:c7ebc5e8b0f21837386ad0e1c8fe8b829fa5f544d8df3b2253bff14ef29d7652", size = 134232, upload-time = "2026-03-25T15:10:41.586Z" }
wheels = [
    { url = "https://files.pythonhosted.org/packages/56/5d/c814546c2333ceea4ba42262d8c4d55763003e767fa169adc693bd524478/requests-2.33.0-py3-none-any.whl", hash = "sha256:3324635456fa185245e24865e810cecec7b4caf933d7eb133dcde67d48cee69b", size = 65017, upload-time = "2026-03-25T15:10:40.382Z" },
]

[[package]]
name = "roam-bot"
version = "0.1.0"
source = { editable = "." }
dependencies = [
    { name = "aiohttp" },
    { name = "click" },
    { name = "discord-py" },
    { name = "pyyaml" },
    { name = "requests" },
]

[package.dev-dependencies]
dev = [
    { name = "pytest" },
    { name = "pytest-cov" },
]

[package.metadata]
requires-dist = [
    { name = "aiohttp", specifier = ">=3.13.3" },
    { name = "click", specifier = "==8.3.1" },
    { name = "discord-py", specifier = "==2.6.4" },
    { name = "pyyaml", specifier = "==6.0.3" },
    { name = "requests", specifier = "==2.33.0" },
]

[package.metadata.requires-dev]
dev = [
    { name = "pytest", specifier = ">=8.3.5" },
    { name = "pytest-cov", specifier = ">=6.0.0" },
]

[[package]]
name = "urllib3"
version = "2.3.0"
source = { registry = "https://pypi.org/simple" }
sdist = { url = "https://files.pythonhosted.org/packages/aa/63/e53da845320b757bf29ef6a9062f5c669fe997973f966045cb019c3f4b66/urllib3-2.3.0.tar.gz", hash = "sha256:f8c5449b3cf0861679ce7e0503c7b44b5ec981bec0d1d3795a07f1ba96f0204d", size = 307268, upload-time = "2024-12-22T07:47:30.032Z" }
wheels = [
    { url = "https://files.pythonhosted.org/packages/c8/19/4ec628951a74043532ca2cf5d97b7b14863931476d117c471e8e2b1eb39f/urllib3-2.3.0-py3-none-any.whl", hash = "sha256:1cee9ad369867bfdbbb48b7dd50374c0967a0bb7710050facf0dd6911440e3df", size = 128369, upload-time = "2024-12-22T07:47:28.074Z" },
]

[[package]]
name = "yarl"
version = "1.18.3"
source = { registry = "https://pypi.org/simple" }
dependencies = [
    { name = "idna" },
    { name = "multidict" },
    { name = "propcache" },
]
sdist = { url = "https://files.pythonhosted.org/packages/b7/9d/4b94a8e6d2b51b599516a5cb88e5bc99b4d8d4583e468057eaa29d5f0918/yarl-1.18.3.tar.gz", hash = "sha256:ac1801c45cbf77b6c99242eeff4fffb5e4e73a800b5c4ad4fc0be5def634d2e1", size = 181062, upload-time = "2024-12-01T20:35:23.292Z" }
wheels = [
    { url = "https://files.pythonhosted.org/packages/f5/4b/a06e0ec3d155924f77835ed2d167ebd3b211a7b0853da1cf8d8414d784ef/yarl-1.18.3-py3-none-any.whl", hash = "sha256:b57f4f58099328dfb26c6a771d09fb20dbbae81d20cfb66141251ea063bd101b", size = 45109, upload-time = "2024-12-01T20:35:20.834Z" },
]
